
Microsoft Visual Studio Solution File, Format Version 12.00
# Visual Studio Version 16
VisualStudioVersion = 16.0.32228.343
MinimumVisualStudioVersion = 10.0.40219.1
Project("{FAE04EC0-301F-11D3-BF4B-00C04F79EFBC}") = "TcpCliente", "TcpCliente\TcpCliente.csproj", "{0677DBD9-E7E1-4FBC-A838-246A283EEA11}"
EndProject
Global
	GlobalSection(SolutionConfigurationPlatforms) = preSolution
		Debug|Any CPU = Debug|Any CPU
		Release|Any CPU = Release|Any CPU
	EndGlobalSection
	GlobalSection(ProjectConfigurationPlatforms) = postSolution
		{0677DBD9-E7E1-4FBC-A838-246A283EEA11}.Debug|Any CPU.ActiveCfg = Debug|Any CPU
		{0677DBD9-E7E1-4FBC-A838-246A283EEA11}.Debug|Any CPU.Build.0 = Debug|Any CPU
		{0677DBD9-E7E1-4FBC-A838-246A283EEA11}.Release|Any CPU.ActiveCfg = Release|Any CPU
		{0677DBD9-E7E1-4FBC-A838-246A283EEA11}.Release|Any CPU.Build.0 = Release|Any CPU
	EndGlobalSection
	GlobalSection(SolutionProperties) = preSolution
		HideSolutionNode = FALSE
	EndGlobalSection
	GlobalSection(ExtensibilityGlobals) = postSolution
		SolutionGuid = {7D21E638-5783-4E1B-B093-B09AAD48D794}
	EndGlobalSection
EndGlobal
